
Microsoft Visual Studio Solution File, Format Version 12.00
# Visual Studio Version 17
VisualStudioVersion = 17.1.32328.378
MinimumVisualStudioVersion = 10.0.40219.1
Project("{9A19103F-16F7-4668-BE54-9A1E7A4F7556}") = "DemoPaintPlugin", "DemoPaintPlugin\DemoPaintPlugin.csproj", "{5C527DE8-4887-4BEE-946A-C8C7D9724CE9}"
EndProject
Project("{9A19103F-16F7-4668-BE54-9A1E7A4F7556}") = "IContract", "IContract\IContract.csproj", "{435F9D14-C81A-4BE3-B3C6-BB5582752536}"
EndProject
Project("{9A19103F-16F7-4668-BE54-9A1E7A4F7556}") = "LineEntity", "LineEntity\LineEntity.csproj", "{626FEEF3-09B6-4133-BB7D-AC00EAC947B1}"
EndProject
Project("{9A19103F-16F7-4668-BE54-9A1E7A4F7556}") = "Rectangle", "Rectangle\Rectangle.csproj", "{EB4F5426-2577-45A3-85DA-98467C578F15}"
EndProject
Project("{FAE04EC0-301F-11D3-BF4B-00C04F79EFBC}") = "EllipseEntity", "EllipseEntity\EllipseEntity.csproj", "{72005195-3F6B-4027-BEBB-0604EB01444C}"
EndProject
Global
	GlobalSection(SolutionConfigurationPlatforms) = preSolution
		Debug|Any CPU = Debug|Any CPU
		Release|Any CPU = Release|Any CPU
	EndGlobalSection
	GlobalSection(ProjectConfigurationPlatforms) = postSolution
		{5C527DE8-4887-4BEE-946A-C8C7D9724CE9}.Debug|Any CPU.ActiveCfg = Debug|Any CPU
		{5C527DE8-4887-4BEE-946A-C8C7D9724CE9}.Debug|Any CPU.Build.0 = Debug|Any CPU
		{5C527DE8-4887-4BEE-946A-C8C7D9724CE9}.Release|Any CPU.ActiveCfg = Release|Any CPU
		{5C527DE8-4887-4BEE-946A-C8C7D9724CE9}.Release|Any CPU.Build.0 = Release|Any CPU
		{435F9D14-C81A-4BE3-B3C6-BB5582752536}.Debug|Any CPU.ActiveCfg = Debug|Any CPU
		{435F9D14-C81A-4BE3-B3C6-BB5582752536}.Debug|Any CPU.Build.0 = Debug|Any CPU
		{435F9D14-C81A-4BE3-B3C6-BB5582752536}.Release|Any CPU.ActiveCfg = Release|Any CPU
		{435F9D14-C81A-4BE3-B3C6-BB5582752536}.Release|Any CPU.Build.0 = Release|Any CPU
		{626FEEF3-09B6-4133-BB7D-AC00EAC947B1}.Debug|Any CPU.ActiveCfg = Debug|Any CPU
		{626FEEF3-09B6-4133-BB7D-AC00EAC947B1}.Debug|Any CPU.Build.0 = Debug|Any CPU
		{626FEEF3-09B6-4133-BB7D-AC00EAC947B1}.Release|Any CPU.ActiveCfg = Release|Any CPU
		{626FEEF3-09B6-4133-BB7D-AC00EAC947B1}.Release|Any CPU.Build.0 = Release|Any CPU
		{EB4F5426-2577-45A3-85DA-98467C578F15}.Debug|Any CPU.ActiveCfg = Debug|Any CPU
		{EB4F5426-2577-45A3-85DA-98467C578F15}.Debug|Any CPU.Build.0 = Debug|Any CPU
		{EB4F5426-2577-45A3-85DA-98467C578F15}.Release|Any CPU.ActiveCfg = Release|Any CPU
		{EB4F5426-2577-45A3-85DA-98467C578F15}.Release|Any CPU.Build.0 = Release|Any CPU
		{72005195-3F6B-4027-BEBB-0604EB01444C}.Debug|Any CPU.ActiveCfg = Debug|Any CPU
		{72005195-3F6B-4027-BEBB-0604EB01444C}.Debug|Any CPU.Build.0 = Debug|Any CPU
		{72005195-3F6B-4027-BEBB-0604EB01444C}.Release|Any CPU.ActiveCfg = Release|Any CPU
		{72005195-3F6B-4027-BEBB-0604EB01444C}.Release|Any CPU.Build.0 = Release|Any CPU
	EndGlobalSection
	GlobalSection(SolutionProperties) = preSolution
		HideSolutionNode = FALSE
	EndGlobalSection
	GlobalSection(ExtensibilityGlobals) = postSolution
		SolutionGuid = {8950BAC1-B6CC-4C14-9199-797E5109857D}
	EndGlobalSection
EndGlobal
